{
  "nodes": {
    "bgfx-cmake": {
      "flake": false,
      "locked": {
        "lastModified": 1774400095,
        "narHash": "sha256-vVeFE+xw25s3NsqLg66bzs4SVq/vzF7objRbdnRkbvw=",
        "type": "tarball",
        "url": "https://github.com/bkaradzic/bgfx.cmake/releases/download/v1.142.9197-527/bgfx.cmake.v1.142.9197-527.tar.gz"
      },
      "original": {
        "type": "tarball",
        "url": "https://github.com/bkaradzic/bgfx.cmake/releases/download/v1.136.9135-511/bgfx.cmake.v1.136.9135-511.tar.gz"
      }
    },
    "bgfx-patch": {
      "flake": false,
      "locked": {
        "lastModified": 1775684234,
        "narHash": "sha256-FcALQzPYDA/yl3+vWGrPE1fQBwmJlTEzWGVqHoR5yXs=",
        "owner": "vbousquet",
        "repo": "bgfx",
        "rev": "80b36da9f1f10d6c3dc2fdde2ade49c39b6797a6",
        "type": "github"
      },
      "original": {
        "owner": "vbousquet",
        "repo": "bgfx",
        "type": "github"
      }
    },
    "cargs": {
      "flake": false,
      "locked": {
        "lastModified": 1727084887,
        "narHash": "sha256-DpUeKFVtbpD2lqW10q91zCFmm4AQKAYSHXUp5B1YNM8=",
        "owner": "likle",
        "repo": "cargs",
        "rev": "0698c3f90333446d0fc2745c1e9ce10dd4a9497a",
        "type": "github"
      },
      "original": {
        "owner": "likle",
        "repo": "cargs",
        "type": "github"
      }
    },
    "claude-code": {
      "inputs": {
        "flake-utils": "flake-utils",
        "nixpkgs": "nixpkgs"
      },
      "locked": {
        "lastModified": 1772841898,
        "narHash": "sha256-+5WdD9bo2XZIajeO5JPXCUyPotE9DFY9DL38OHYEy1s=",
        "owner": "sadjow",
        "repo": "claude-code-nix",
        "rev": "635219a8ebb214a37e92220a0f292568cfb01da8",
        "type": "github"
      },
      "original": {
        "owner": "sadjow",
        "ref": "v2.1.71",
        "repo": "claude-code-nix",
        "type": "github"
      }
    },
    "crane": {
      "locked": {
        "lastModified": 1772560058,
        "narHash": "sha256-NuVKdMBJldwUXgghYpzIWJdfeB7ccsu1CC7B+NfSoZ8=",
        "owner": "ipetkov",
        "repo": "crane",
        "rev": "db590d9286ed5ce22017541e36132eab4e8b3045",
        "type": "github"
      },
      "original": {
        "owner": "ipetkov",
        "repo": "crane",
        "type": "github"
      }
    },
    "disko": {
      "inputs": {
        "nixpkgs": [
          "nixpkgs"
        ]
      },
      "locked": {
        "lastModified": 1777713215,
        "narHash": "sha256-8GzXDOXckDWwST8TY5DbwYFjdvQLlP7K9CLSVx6iTTo=",
        "owner": "nix-community",
        "repo": "disko",
        "rev": "63b4e7e6cf75307c1d26ac3762b886b5b0247267",
        "type": "github"
      },
      "original": {
        "owner": "nix-community",
        "repo": "disko",
        "type": "github"
      }
    },
    "dms": {
      "inputs": {
        "nixpkgs": [
          "nixpkgs"
        ],
        "quickshell": "quickshell"
      },
      "locked": {
        "lastModified": 1777431599,
        "narHash": "sha256-g6r/Gx8PTDzO3jCNzzySA+Ff1lmLF9nDlMCNyyoQjoE=",
        "owner": "AvengeMedia",
        "repo": "DankMaterialShell",
        "rev": "eb5afcdc40ea5446c27e18552ff4a19f9daf9484",
        "type": "github"
      },
      "original": {
        "owner": "AvengeMedia",
        "ref": "stable",
        "repo": "DankMaterialShell",
        "type": "github"
      }
    },
    "flake-utils": {
      "inputs": {
        "systems": "systems"
      },
      "locked": {
        "lastModified": 1731533236,
        "narHash": "sha256-l0KFg5HjrsfsO/JpG+r7fRrqm12kzFHyUHqHCVpMMbI=",
        "owner": "numtide",
        "repo": "flake-utils",
        "rev": "11707dc2f618dd54ca8739b309ec4fc024de578b",
        "type": "github"
      },
      "original": {
        "owner": "numtide",
        "repo": "flake-utils",
        "type": "github"
      }
    },
    "freeimage": {
      "flake": false,
      "locked": {
        "lastModified": 1745579849,
        "narHash": "sha256-3dd5uEkcrK4mLZT58ZhZaTYzvSI4QBsSflcR4dBzz5g=",
        "owner": "toxieainc",
        "repo": "freeimage",
        "rev": "b1613452a0c3849d43ac877b154cf51ff9e078d3",
        "type": "github"
      },
      "original": {
        "owner": "toxieainc",
        "repo": "freeimage",
        "type": "github"
      }
    },
    "hidapi": {
      "flake": false,
      "locked": {
        "lastModified": 1747592713,
        "narHash": "sha256-o6IZRG42kTa7EQib9eaV1HGyjaGgeCabk+8fyQTm/0s=",
        "owner": "libusb",
        "repo": "hidapi",
        "rev": "d6b2a974608dec3b76fb1e36c189f22b9cf3650c",
        "type": "github"
      },
      "original": {
        "owner": "libusb",
        "repo": "hidapi",
        "type": "github"
      }
    },
    "home-manager": {
      "inputs": {
        "nixpkgs": [
          "nixpkgs"
        ]
      },
      "locked": {
        "lastModified": 1777913624,
        "narHash": "sha256-4MwfrGuqjsnEORQbM3cmkmG/9cWhDV63dTDguDj4FXw=",
        "owner": "nix-community",
        "repo": "home-manager",
        "rev": "a89686d115e970e200eb2caa7603f3673050e00c",
        "type": "github"
      },
      "original": {
        "owner": "nix-community",
        "repo": "home-manager",
        "type": "github"
      }
    },
    "libaltsound": {
      "flake": false,
      "locked": {
        "lastModified": 1776128139,
        "narHash": "sha256-JGzWHKg+wijcy4p17VDEDZ99pe2ztclzQHGexwnJ1L0=",
        "owner": "vpinball",
        "repo": "libaltsound",
        "rev": "a380b84e8b5a68e5516c476d8834d98dd72f87b1",
        "type": "github"
      },
      "original": {
        "owner": "vpinball",
        "repo": "libaltsound",
        "type": "github"
      }
    },
    "libdmdutil": {
      "flake": false,
      "locked": {
        "lastModified": 1776127021,
        "narHash": "sha256-FFK1lhWaHkcS+jxZd6/t86qjRWVmIkJqqLorn2YMRps=",
        "owner": "vpinball",
        "repo": "libdmdutil",
        "rev": "ef52a335f03aa13b00ebea2e121e1dbc15270de8",
        "type": "github"
      },
      "original": {
        "owner": "vpinball",
        "repo": "libdmdutil",
        "type": "github"
      }
    },
    "libdof": {
      "flake": false,
      "locked": {
        "lastModified": 1776126269,
        "narHash": "sha256-yNo+J6JmHaHoUuOWYKvom9gxbSH312RZHfU6zNv9qSg=",
        "owner": "jsm174",
        "repo": "libdof",
        "rev": "d5dde461b50e960252be1d96527718d52d931bb8",
        "type": "github"
      },
      "original": {
        "owner": "jsm174",
        "repo": "libdof",
        "type": "github"
      }
    },
    "libframeutil": {
      "flake": false,
      "locked": {
        "lastModified": 1769080301,
        "narHash": "sha256-OQ1HAkYc/8KanXvtPxPw8AoJZsrhsJ3oenkNk+D4AQk=",
        "owner": "ppuc",
        "repo": "libframeutil",
        "rev": "03d2483d5cded0bdef84bec24c9ddfdede324b5c",
        "type": "github"
      },
      "original": {
        "owner": "ppuc",
        "repo": "libframeutil",
        "type": "github"
      }
    },
    "libftdi": {
      "flake": false,
      "locked": {
        "lastModified": 1594150375,
        "narHash": "sha256-RmD40HVsx1fyBwHkYPmG+FZBfPcOGj87lH+tCfx4N24=",
        "owner": "jsm174",
        "repo": "libftdi",
        "rev": "5c2c58e03ea999534e8cb64906c8ae8b15536c30",
        "type": "github"
      },
      "original": {
        "owner": "jsm174",
        "repo": "libftdi",
        "type": "github"
      }
    },
    "libpupdmd": {
      "flake": false,
      "locked": {
        "lastModified": 1776103966,
        "narHash": "sha256-3xcXjEQApj4TJsmkk+lcHPo9EXTIetvzi/2dWuF/vso=",
        "owner": "PPUC",
        "repo": "libpupdmd",
        "rev": "1e2becff70450e0dd52dbaef767f89728d7957cd",
        "type": "github"
      },
      "original": {
        "owner": "ppuc",
        "repo": "libpupdmd",
        "type": "github"
      }
    },
    "libserialport": {
      "flake": false,
      "locked": {
        "lastModified": 1727214962,
        "narHash": "sha256-zxHCJTC12kkbKB3UCTblNbNZZRhTuyhC9MR5iVXqYWc=",
        "owner": "sigrokproject",
        "repo": "libserialport",
        "rev": "21b3dfe5f68c205be4086469335fd2fc2ce11ed2",
        "type": "github"
      },
      "original": {
        "owner": "sigrokproject",
        "repo": "libserialport",
        "type": "github"
      }
    },
    "libserum": {
      "flake": false,
      "locked": {
        "lastModified": 1776104078,
        "narHash": "sha256-dxrkuPxYmt4fnzsbAgSanInIf+VrROuexDMgKC7/4ww=",
        "owner": "PPUC",
        "repo": "libserum",
        "rev": "55939dfe645f6a2e01785bec2cf6d723bf62def4",
        "type": "github"
      },
      "original": {
        "owner": "ppuc",
        "repo": "libserum_concentrate",
        "type": "github"
      }
    },
    "libusb": {
      "flake": false,
      "locked": {
        "lastModified": 1748802794,
        "narHash": "sha256-m1w+uF8+2WCn72LvoaGUYa+R0PyXHtFFONQjdRfImYY=",
        "owner": "libusb",
        "repo": "libusb",
        "rev": "15a7ebb4d426c5ce196684347d2b7cafad862626",
        "type": "github"
      },
      "original": {
        "owner": "libusb",
        "repo": "libusb",
        "type": "github"
      }
    },
    "libvni": {
      "flake": false,
      "locked": {
        "lastModified": 1776104158,
        "narHash": "sha256-oAyIJ2TFg/Td96vEpCrj0Y3bPiFqRRyAghmoDPOjuJ0=",
        "owner": "PPUC",
        "repo": "libvni",
        "rev": "aec04d88f70c3ef642df9f68c4b41c9418fdf704",
        "type": "github"
      },
      "original": {
        "owner": "PPUC",
        "repo": "libvni",
        "type": "github"
      }
    },
    "libwinevbs": {
      "flake": false,
      "locked": {
        "lastModified": 1776128886,
        "narHash": "sha256-5Xkr9ByfRYcpEqErNhxd+Ss78ntjE5SVEtvhu/uAJiY=",
        "owner": "vpinball",
        "repo": "libwinevbs",
        "rev": "18401dee45496fa24673f61287080a86ba261a7d",
        "type": "github"
      },
      "original": {
        "owner": "vpinball",
        "repo": "libwinevbs",
        "type": "github"
      }
    },
    "libzedmd": {
      "flake": false,
      "locked": {
        "lastModified": 1776103828,
        "narHash": "sha256-QIawUNM9dfMCIuaaVbX9YQaZE+2KgxsRlqXddx2goeo=",
        "owner": "PPUC",
        "repo": "libzedmd",
        "rev": "54cff77a149cef818b76f0ed0762cd255f29088b",
        "type": "github"
      },
      "original": {
        "owner": "ppuc",
        "repo": "libzedmd",
        "type": "github"
      }
    },
    "libzip": {
      "flake": false,
      "locked": {
        "lastModified": 1748008507,
        "narHash": "sha256-+ekbD3PWAGhBJGIqqa9AnWcG7hToeFPRr6kkmxJHOaY=",
        "owner": "nih-at",
        "repo": "libzip",
        "rev": "6f8a0cdd24a0dc6cce9dac4a7679da784ab124ea",
        "type": "github"
      },
      "original": {
        "owner": "nih-at",
        "repo": "libzip",
        "type": "github"
      }
    },
    "nix-darwin": {
      "inputs": {
        "nixpkgs": [
          "nixpkgs"
        ]
      },
      "locked": {
        "lastModified": 1777780666,
        "narHash": "sha256-8wURyQMdDkGUarSTKOGdCuFfYiwa3HbzwscUfn3STDE=",
        "owner": "LnL7",
        "repo": "nix-darwin",
        "rev": "8c62fba0854ba15c8917aed18894dbccb48a3777",
        "type": "github"
      },
      "original": {
        "owner": "LnL7",
        "repo": "nix-darwin",
        "type": "github"
      }
    },
    "nix-flatpak": {
      "locked": {
        "lastModified": 1767983141,
        "narHash": "sha256-7ZCulYUD9RmJIDULTRkGLSW1faMpDlPKcbWJLYHoXcs=",
        "owner": "gmodena",
        "repo": "nix-flatpak",
        "rev": "440818969ac2cbd77bfe025e884d0aa528991374",
        "type": "github"
      },
      "original": {
        "owner": "gmodena",
        "ref": "latest",
        "repo": "nix-flatpak",
        "type": "github"
      }
    },
    "nixpkgs": {
      "locked": {
        "lastModified": 1772736753,
        "narHash": "sha256-au/m3+EuBLoSzWUCb64a/MZq6QUtOV8oC0D9tY2scPQ=",
        "owner": "NixOS",
        "repo": "nixpkgs",
        "rev": "917fec990948658ef1ccd07cef2a1ef060786846",
        "type": "github"
      },
      "original": {
        "owner": "NixOS",
        "ref": "nixpkgs-unstable",
        "repo": "nixpkgs",
        "type": "github"
      }
    },
    "nixpkgs-stable": {
      "locked": {
        "lastModified": 1777673416,
        "narHash": "sha256-5c2POKPOjU40Kh0MirOdScBLG0bu9TAuPYAtPRNZMBs=",
        "owner": "NixOS",
        "repo": "nixpkgs",
        "rev": "26ef669cffa904b6f6832ab57b77892a37c1a671",
        "type": "github"
      },
      "original": {
        "owner": "NixOS",
        "ref": "nixos-25.11",
        "repo": "nixpkgs",
        "type": "github"
      }
    },
    "nixpkgs_2": {
      "locked": {
        "lastModified": 1777578337,
        "narHash": "sha256-Ad49moKWeXtKBJNy2ebiTQUEgdLyvGmTeykAQ9xM+Z4=",
        "owner": "NixOS",
        "repo": "nixpkgs",
        "rev": "15f4ee454b1dce334612fa6843b3e05cf546efab",
        "type": "github"
      },
      "original": {
        "owner": "NixOS",
        "ref": "nixos-unstable",
        "repo": "nixpkgs",
        "type": "github"
      }
    },
    "nixpkgs_3": {
      "locked": {
        "lastModified": 1776169885,
        "narHash": "sha256-l/iNYDZ4bGOAFQY2q8y5OAfBBtrDAaPuRQqWaFHVRXM=",
        "owner": "NixOS",
        "repo": "nixpkgs",
        "rev": "4bd9165a9165d7b5e33ae57f3eecbcb28fb231c9",
        "type": "github"
      },
      "original": {
        "owner": "NixOS",
        "ref": "nixos-unstable",
        "repo": "nixpkgs",
        "type": "github"
      }
    },
    "pinmame": {
      "flake": false,
      "locked": {
        "lastModified": 1774621102,
        "narHash": "sha256-2CzVSLIETMoxIF/QmSec2aaJ7GeFwHAw+PFd1KigbxU=",
        "owner": "vbousquet",
        "repo": "pinmame",
        "rev": "e03ed12b301f2a24cd141ca730f73dd155e785ce",
        "type": "github"
      },
      "original": {
        "owner": "vbousquet",
        "repo": "pinmame",
        "type": "github"
      }
    },
    "plx": {
      "inputs": {
        "crane": "crane",
        "nixpkgs": [
          "nixpkgs"
        ]
      },
      "locked": {
        "lastModified": 1776569643,
        "narHash": "sha256-03U4bd24FhgdtZxs49EKsvE2/mXEt96qj7quFGT3xCA=",
        "owner": "mmichie",
        "repo": "plx",
        "rev": "2d04a9e7e24e141c757fa4e603667c1498ef1baf",
        "type": "github"
      },
      "original": {
        "owner": "mmichie",
        "repo": "plx",
        "type": "github"
      }
    },
    "quickshell": {
      "inputs": {
        "nixpkgs": [
          "dms",
          "nixpkgs"
        ]
      },
      "locked": {
        "lastModified": 1776854048,
        "narHash": "sha256-lLbV66V3RMNp1l8/UelmR4YzoJ5ONtgvEtiUMJATH/o=",
        "ref": "refs/heads/master",
        "rev": "783c953987dc56ff0601abe6845ed96f1d00495a",
        "revCount": 806,
        "type": "git",
        "url": "https://git.outfoxxed.me/quickshell/quickshell"
      },
      "original": {
        "rev": "783c953987dc56ff0601abe6845ed96f1d00495a",
        "type": "git",
        "url": "https://git.outfoxxed.me/quickshell/quickshell"
      }
    },
    "root": {
      "inputs": {
        "claude-code": "claude-code",
        "disko": "disko",
        "dms": "dms",
        "home-manager": "home-manager",
        "nix-darwin": "nix-darwin",
        "nix-flatpak": "nix-flatpak",
        "nixpkgs": "nixpkgs_2",
        "nixpkgs-stable": "nixpkgs-stable",
        "plx": "plx",
        "sak": "sak",
        "sops-nix": "sops-nix",
        "vpinball-flake": "vpinball-flake"
      }
    },
    "sak": {
      "inputs": {
        "nixpkgs": [
          "nixpkgs"
        ]
      },
      "locked": {
        "lastModified": 1775779312,
        "narHash": "sha256-jgaBzYGkZ2S9f1QmG3ULYoloSQnDHILMrH7dG0j/Hxk=",
        "owner": "patsoffice",
        "repo": "sak",
        "rev": "1ebc17f627b66bad0c911e5f8b19e82414b56e14",
        "type": "github"
      },
      "original": {
        "owner": "patsoffice",
        "repo": "sak",
        "type": "github"
      }
    },
    "sdl3": {
      "flake": false,
      "locked": {
        "lastModified": 1775257859,
        "narHash": "sha256-vCz+jZ1Sl6Of60HXljciTjR3U4da0PldyFsG79qmQ7g=",
        "owner": "libsdl-org",
        "repo": "SDL",
        "rev": "5848e584a1b606de26e3dbd1c7e4ecbc34f807a6",
        "type": "github"
      },
      "original": {
        "owner": "libsdl-org",
        "repo": "SDL",
        "type": "github"
      }
    },
    "sdl3-image": {
      "flake": false,
      "locked": {
        "allRefs": true,
        "lastModified": 1775501936,
        "narHash": "sha256-sXtz+HxbezYdea4oVjymfcDTTVIYtWQH/fcCWLNly0M=",
        "ref": "refs/heads/main",
        "rev": "1aedddcbd205c4e1ea0f99fdb2c785acc8e2489b",
        "revCount": 2009,
        "submodules": true,
        "type": "git",
        "url": "https://github.com/libsdl-org/SDL_image"
      },
      "original": {
        "allRefs": true,
        "submodules": true,
        "type": "git",
        "url": "https://github.com/libsdl-org/SDL_image"
      }
    },
    "sdl3-ttf": {
      "flake": false,
      "locked": {
        "allRefs": true,
        "lastModified": 1774707116,
        "narHash": "sha256-Nca5Y/5gEb84NXMv5PqkHauKPuuSXsh1X3if/nKK7kA=",
        "ref": "refs/heads/main",
        "rev": "de8c8a3380cca39cb30331576228c20d68a30424",
        "revCount": 1284,
        "submodules": true,
        "type": "git",
        "url": "https://github.com/libsdl-org/SDL_ttf"
      },
      "original": {
        "allRefs": true,
        "submodules": true,
        "type": "git",
        "url": "https://github.com/libsdl-org/SDL_ttf"
      }
    },
    "sockpp": {
      "flake": false,
      "locked": {
        "lastModified": 1702844770,
        "narHash": "sha256-eIgYam/iQXjT3/Fu6ptNGSUVutLMG5Z1tmLsKLFOD/Q=",
        "owner": "fpagliughi",
        "repo": "sockpp",
        "rev": "e6c4688a576d95f42dd7628cefe68092f6c5cd0f",
        "type": "github"
      },
      "original": {
        "owner": "fpagliughi",
        "repo": "sockpp",
        "type": "github"
      }
    },
    "sops-nix": {
      "inputs": {
        "nixpkgs": [
          "nixpkgs"
        ]
      },
      "locked": {
        "lastModified": 1777944972,
        "narHash": "sha256-VfGRo1qTBKOe3s2gOv8LSoA6Fk19PvBlwQ1ECN0Evn8=",
        "owner": "Mic92",
        "repo": "sops-nix",
        "rev": "c591bf665727040c6cc5cb409079acb22dcce33c",
        "type": "github"
      },
      "original": {
        "owner": "Mic92",
        "repo": "sops-nix",
        "type": "github"
      }
    },
    "systems": {
      "locked": {
        "lastModified": 1681028828,
        "narHash": "sha256-Vy1rq5AaRuLzOxct8nz4T6wlgyUR7zLU309k9mBC768=",
        "owner": "nix-systems",
        "repo": "default",
        "rev": "da67096a3b9bf56a91d16901293e51ba5b49a27e",
        "type": "github"
      },
      "original": {
        "owner": "nix-systems",
        "repo": "default",
        "type": "github"
      }
    },
    "vpinball": {
      "flake": false,
      "locked": {
        "lastModified": 1776253659,
        "narHash": "sha256-V6cDPJQq8eAvvQb8DWYTXNtoIhfGCm3VrmoOuILzzWo=",
        "owner": "vpinball",
        "repo": "vpinball",
        "rev": "233cd342da80fa9c22cd6d09cc79070c8f12d0c2",
        "type": "github"
      },
      "original": {
        "owner": "vpinball",
        "repo": "vpinball",
        "type": "github"
      }
    },
    "vpinball-flake": {
      "inputs": {
        "bgfx-cmake": "bgfx-cmake",
        "bgfx-patch": "bgfx-patch",
        "cargs": "cargs",
        "freeimage": "freeimage",
        "hidapi": "hidapi",
        "libaltsound": "libaltsound",
        "libdmdutil": "libdmdutil",
        "libdof": "libdof",
        "libframeutil": "libframeutil",
        "libftdi": "libftdi",
        "libpupdmd": "libpupdmd",
        "libserialport": "libserialport",
        "libserum": "libserum",
        "libusb": "libusb",
        "libvni": "libvni",
        "libwinevbs": "libwinevbs",
        "libzedmd": "libzedmd",
        "libzip": "libzip",
        "nixpkgs": "nixpkgs_3",
        "pinmame": "pinmame",
        "sdl3": "sdl3",
        "sdl3-image": "sdl3-image",
        "sdl3-ttf": "sdl3-ttf",
        "sockpp": "sockpp",
        "vpinball": "vpinball",
        "vpinfe": "vpinfe",
        "vpx-editor": "vpx-editor",
        "vpxtool": "vpxtool"
      },
      "locked": {
        "lastModified": 1776296245,
        "narHash": "sha256-8ykKo3ikwiVqe0GLBgc/DMe8kjBInYqs0QLJkgPkvs4=",
        "owner": "patsoffice",
        "repo": "vpinball-flake",
        "rev": "d9665c02cad941b10211ee8ecd4baab42396c8b5",
        "type": "github"
      },
      "original": {
        "owner": "patsoffice",
        "ref": "experimental",
        "repo": "vpinball-flake",
        "type": "github"
      }
    },
    "vpinfe": {
      "flake": false,
      "locked": {
        "lastModified": 1771861701,
        "narHash": "sha256-bVsKu3jCd1NA/dE4cURyMiFeZu5w1lP33tEhnDArkpA=",
        "owner": "superhac",
        "repo": "vpinfe",
        "rev": "db079d59abbe3b2823354d4dde1075c054a6e0f2",
        "type": "github"
      },
      "original": {
        "owner": "superhac",
        "repo": "vpinfe",
        "type": "github"
      }
    },
    "vpx-editor": {
      "flake": false,
      "locked": {
        "lastModified": 1774108076,
        "narHash": "sha256-mZj4KH4HpH2vZ46m2Vdp+30djkVU7tnyQbCVQYVWyMg=",
        "owner": "jsm174",
        "repo": "vpx-editor",
        "rev": "a9c0ee7f20373d98fb00dd519f2550a59fd02c7a",
        "type": "github"
      },
      "original": {
        "owner": "jsm174",
        "repo": "vpx-editor",
        "type": "github"
      }
    },
    "vpxtool": {
      "flake": false,
      "locked": {
        "lastModified": 1772446254,
        "narHash": "sha256-z5RUA67Z8dTDyQJz3zTKHTtuUvPf2TzK8IcPBSypkhk=",
        "owner": "francisdb",
        "repo": "vpxtool",
        "rev": "47909eabaf75f466704eccdfb2e3f1d4a691fbd7",
        "type": "github"
      },
      "original": {
        "owner": "francisdb",
        "ref": "v0.26.0",
        "repo": "vpxtool",
        "type": "github"
      }
    }
  },
  "root": "root",
  "version": 7
}
